// !$*UTF8*$!
{
	archiveVersion = 1;
	classes = {
	};
	objectVersion = 50;
	objects = {

/* Begin PBXBuildFile section */
		33444A8B25CEA47700F8B959 /* AppDelegate.swift in Sources */ = {isa = PBXBuildFile; fileRef = 33444A8A25CEA47700F8B959 /* AppDelegate.swift */; };
		33444A8D25CEA47700F8B959 /* SceneDelegate.swift in Sources */ = {isa = PBXBuildFile; fileRef = 33444A8C25CEA47700F8B959 /* SceneDelegate.swift */; };
		33444A8F25CEA47700F8B959 /* ViewController.swift in Sources */ = {isa = PBXBuildFile; fileRef = 33444A8E25CEA47700F8B959 /* ViewController.swift */; };
		33444A9225CEA47700F8B959 /* Main.storyboard in Resources */ = {isa = PBXBuildFile; fileRef = 33444A9025CEA47700F8B959 /* Main.storyboard */; };
		33444A9425CEA47B00F8B959 /* Assets.xcassets in Resources */ = {isa = PBXBuildFile; fileRef = 33444A9325CEA47B00F8B959 /* Assets.xcassets */; };
		33444A9725CEA47B00F8B959 /* LaunchScreen.storyboard in Resources */ = {isa = PBXBuildFile; fileRef = 33444A9525CEA47B00F8B959 /* LaunchScreen.storyboard */; };
		33444AA225CEA47C00F8B959 /* StampTests.swift in Sources */ = {isa = PBXBuildFile; fileRef = 33444AA125CEA47C00F8B959 /* StampTests.swift */; };
		33444AAD25CEA47C00F8B959 /* StampUITests.swift in Sources */ = {isa = PBXBuildFile; fileRef = 33444AAC25CEA47C00F8B959 /* StampUITests.swift */; };
		33444AC325CEA55C00F8B959 /* hana.png in Resources */ = {isa = PBXBuildFile; fileRef = 33444ABE25CEA55C00F8B959 /* hana.png */; };
		33444AC425CEA55C00F8B959 /* onpu.png in Resources */ = {isa = PBXBuildFile; fileRef = 33444ABF25CEA55C00F8B959 /* onpu.png */; };
		33444AC525CEA55C00F8B959 /* hoshi.png in Resources */ = {isa = PBXBuildFile; fileRef = 33444AC025CEA55C00F8B959 /* hoshi.png */; };
		33444AC625CEA55C00F8B959 /* background.png in Resources */ = {isa = PBXBuildFile; fileRef = 33444AC125CEA55C00F8B959 /* background.png */; };
		33444AC725CEA55C00F8B959 /* shitumon.png in Resources */ = {isa = PBXBuildFile; fileRef = 33444AC225CEA55C00F8B959 /* shitumon.png */; };
/* End PBXBuildFile section */

/* Begin PBXContainerItemProxy section */
		33444A9E25CEA47B00F8B959 /* PBXContainerItemProxy */ = {
			isa = PBXContainerItemProxy;
			containerPortal = 33444A7F25CEA47600F8B959 /* Project object */;
			proxyType = 1;
			remoteGlobalIDString = 33444A8625CEA47700F8B959;
			remoteInfo = Stamp;
		};
		33444AA925CEA47C00F8B959 /* PBXContainerItemProxy */ = {
			isa = PBXContainerItemProxy;
			containerPortal = 33444A7F25CEA47600F8B959 /* Project object */;
			proxyType = 1;
			remoteGlobalIDString = 33444A8625CEA47700F8B959;
			remoteInfo = Stamp;
		};
/* End PBXContainerItemProxy section */

/* Begin PBXFileReference section */
		33444A8725CEA47700F8B959 /* Stamp.app */ = {isa = PBXFileReference; explicitFileType = wrapper.application; includeInIndex = 0; path = Stamp.app; sourceTree = BUILT_PRODUCTS_DIR; };
		33444A8A25CEA47700F8B959 /* AppDelegate.swift */ = {isa = PBXFileReference; lastKnownFileType = sourcecode.swift; path = AppDelegate.swift; sourceTree = "<group>"; };
		33444A8C25CEA47700F8B959 /* SceneDelegate.swift */ = {isa = PBXFileReference; lastKnownFileType = sourcecode.swift; path = SceneDelegate.swift; sourceTree = "<group>"; };
		33444A8E25CEA47700F8B959 /* ViewController.swift */ = {isa = PBXFileReference; lastKnownFileType = sourcecode.swift; path = ViewController.swift; sourceTree = "<group>"; };
		33444A9125CEA47700F8B959 /* Base */ = {isa = PBXFileReference; lastKnownFileType = file.storyboard; name = Base; path = Base.lproj/Main.storyboard; sourceTree = "<group>"; };
		33444A9325CEA47B00F8B959 /* Assets.xcassets */ = {isa = PBXFileReference; lastKnownFileType = folder.assetcatalog; path = Assets.xcassets; sourceTree = "<group>"; };
		33444A9625CEA47B00F8B959 /* Base */ = {isa = PBXFileReference; lastKnownFileType = file.storyboard; name = Base; path = Base.lproj/LaunchScreen.storyboard; sourceTree = "<group>"; };
		33444A9825CEA47B00F8B959 /* Info.plist */ = {isa = PBXFileReference; lastKnownFileType = text.plist.xml; path = Info.plist; sourceTree = "<group>"; };
		33444A9D25CEA47B00F8B959 /* StampTests.xctest */ = {isa = PBXFileReference; explicitFileType = wrapper.cfbundle; includeInIndex = 0; path = StampTests.xctest; sourceTree = BUILT_PRODUCTS_DIR; };
		33444AA125CEA47C00F8B959 /* StampTests.swift */ = {isa = PBXFileReference; lastKnownFileType = sourcecode.swift; path = StampTests.swift; sourceTree = "<group>"; };
		33444AA325CEA47C00F8B959 /* Info.plist */ = {isa = PBXFileReference; lastKnownFileType = text.plist.xml; path = Info.plist; sourceTree = "<group>"; };
		33444AA825CEA47C00F8B959 /* StampUITests.xctest */ = {isa = PBXFileReference; explicitFileType = wrapper.cfbundle; includeInIndex = 0; path = StampUITests.xctest; sourceTree = BUILT_PRODUCTS_DIR; };
		33444AAC25CEA47C00F8B959 /* StampUITests.swift */ = {isa = PBXFileReference; lastKnownFileType = sourcecode.swift; path = StampUITests.swift; sourceTree = "<group>"; };
		33444AAE25CEA47C00F8B959 /* Info.plist */ = {isa = PBXFileReference; lastKnownFileType = text.plist.xml; path = Info.plist; sourceTree = "<group>"; };
		33444ABE25CEA55C00F8B959 /* hana.png */ = {isa = PBXFileReference; lastKnownFileType = image.png; path = hana.png; sourceTree = "<group>"; };
		33444ABF25CEA55C00F8B959 /* onpu.png */ = {isa = PBXFileReference; lastKnownFileType = image.png; path = onpu.png; sourceTree = "<group>"; };
		33444AC025CEA55C00F8B959 /* hoshi.png */ = {isa = PBXFileReference; lastKnownFileType = image.png; path = hoshi.png; sourceTree = "<group>"; };
		33444AC125CEA55C00F8B959 /* background.png */ = {isa = PBXFileReference; lastKnownFileType = image.png; path = background.png; sourceTree = "<group>"; };
		33444AC225CEA55C00F8B959 /* shitumon.png */ = {isa = PBXFileReference; lastKnownFileType = image.png; path = shitumon.png; sourceTree = "<group>"; };
/* End PBXFileReference section */

/* Begin PBXFrameworksBuildPhase section */
		33444A8425CEA47700F8B959 /* Frameworks */ = {
			isa = PBXFrameworksBuildPhase;
			buildActionMask = 2147483647;
			files = (
			);
			runOnlyForDeploymentPostprocessing = 0;
		};
		33444A9A25CEA47B00F8B959 /* Frameworks */ = {
			isa = PBXFrameworksBuildPhase;
			buildActionMask = 2147483647;
			files = (
			);
			runOnlyForDeploymentPostprocessing = 0;
		};
		33444AA525CEA47C00F8B959 /* Frameworks */ = {
			isa = PBXFrameworksBuildPhase;
			buildActionMask = 2147483647;
			files = (
			);
			runOnlyForDeploymentPostprocessing = 0;
		};
/* End PBXFrameworksBuildPhase section */

/* Begin PBXGroup section */
		33444A7E25CEA47600F8B959 = {
			isa = PBXGroup;
			children = (
				33444A8925CEA47700F8B959 /* Stamp */,
				33444AA025CEA47B00F8B959 /* StampTests */,
				33444AAB25CEA47C00F8B959 /* StampUITests */,
				33444A8825CEA47700F8B959 /* Products */,
			);
			sourceTree = "<group>";
		};
		33444A8825CEA47700F8B959 /* Products */ = {
			isa = PBXGroup;
			children = (
				33444A8725CEA47700F8B959 /* Stamp.app */,
				33444A9D25CEA47B00F8B959 /* StampTests.xctest */,
				33444AA825CEA47C00F8B959 /* StampUITests.xctest */,
			);
			name = Products;
			sourceTree = "<group>";
		};
		33444A8925CEA47700F8B959 /* Stamp */ = {
			isa = PBXGroup;
			children = (
				33444A8A25CEA47700F8B959 /* AppDelegate.swift */,
				33444A8C25CEA47700F8B959 /* SceneDelegate.swift */,
				33444A8E25CEA47700F8B959 /* ViewController.swift */,
				33444A9025CEA47700F8B959 /* Main.storyboard */,
				33444ABD25CEA55C00F8B959 /* Stamp素材 */,
				33444A9325CEA47B00F8B959 /* Assets.xcassets */,
				33444A9525CEA47B00F8B959 /* LaunchScreen.storyboard */,
				33444A9825CEA47B00F8B959 /* Info.plist */,
			);
			path = Stamp;
			sourceTree = "<group>";
		};
		33444AA025CEA47B00F8B959 /* StampTests */ = {
			isa = PBXGroup;
			children = (
				33444AA125CEA47C00F8B959 /* StampTests.swift */,
				33444AA325CEA47C00F8B959 /* Info.plist */,
			);
			path = StampTests;
			sourceTree = "<group>";
		};
		33444AAB25CEA47C00F8B959 /* StampUITests */ = {
			isa = PBXGroup;
			children = (
				33444AAC25CEA47C00F8B959 /* StampUITests.swift */,
				33444AAE25CEA47C00F8B959 /* Info.plist */,
			);
			path = StampUITests;
			sourceTree = "<group>";
		};
		33444ABD25CEA55C00F8B959 /* Stamp素材 */ = {
			isa = PBXGroup;
			children = (
				33444ABE25CEA55C00F8B959 /* hana.png */,
				33444ABF25CEA55C00F8B959 /* onpu.png */,
				33444AC025CEA55C00F8B959 /* hoshi.png */,
				33444AC125CEA55C00F8B959 /* background.png */,
				33444AC225CEA55C00F8B959 /* shitumon.png */,
			);
			path = "Stamp素材";
			sourceTree = "<group>";
		};
/* End PBXGroup section */

/* Begin PBXNativeTarget section */
		33444A8625CEA47700F8B959 /* Stamp */ = {
			isa = PBXNativeTarget;
			buildConfigurationList = 33444AB125CEA47C00F8B959 /* Build configuration list for PBXNativeTarget "Stamp" */;
			buildPhases = (
				33444A8325CEA47700F8B959 /* Sources */,
				33444A8425CEA47700F8B959 /* Frameworks */,
				33444A8525CEA47700F8B959 /* Resources */,
			);
			buildRules = (
			);
			dependencies = (
			);
			name = Stamp;
			productName = Stamp;
			productReference = 33444A8725CEA47700F8B959 /* Stamp.app */;
			productType = "com.apple.product-type.application";
		};
		33444A9C25CEA47B00F8B959 /* StampTests */ = {
			isa = PBXNativeTarget;
			buildConfigurationList = 33444AB425CEA47C00F8B959 /* Build configuration list for PBXNativeTarget "StampTests" */;
			buildPhases = (
				33444A9925CEA47B00F8B959 /* Sources */,
				33444A9A25CEA47B00F8B959 /* Frameworks */,
				33444A9B25CEA47B00F8B959 /* Resources */,
			);
			buildRules = (
			);
			dependencies = (
				33444A9F25CEA47B00F8B959 /* PBXTargetDependency */,
			);
			name = StampTests;
			productName = StampTests;
			productReference = 33444A9D25CEA47B00F8B959 /* StampTests.xctest */;
			productType = "com.apple.product-type.bundle.unit-test";
		};
		33444AA725CEA47C00F8B959 /* StampUITests */ = {
			isa = PBXNativeTarget;
			buildConfigurationList = 33444AB725CEA47C00F8B959 /* Build configuration list for PBXNativeTarget "StampUITests" */;
			buildPhases = (
				33444AA425CEA47C00F8B959 /* Sources */,
				33444AA525CEA47C00F8B959 /* Frameworks */,
				33444AA625CEA47C00F8B959 /* Resources */,
			);
			buildRules = (
			);
			dependencies = (
				33444AAA25CEA47C00F8B959 /* PBXTargetDependency */,
			);
			name = StampUITests;
			productName = StampUITests;
			productReference = 33444AA825CEA47C00F8B959 /* StampUITests.xctest */;
			productType = "com.apple.product-type.bundle.ui-testing";
		};
/* End PBXNativeTarget section */

/* Begin PBXProject section */
		33444A7F25CEA47600F8B959 /* Project object */ = {
			isa = PBXProject;
			attributes = {
				LastSwiftUpdateCheck = 1230;
				LastUpgradeCheck = 1230;
				TargetAttributes = {
					33444A8625CEA47700F8B959 = {
						CreatedOnToolsVersion = 12.3;
					};
					33444A9C25CEA47B00F8B959 = {
						CreatedOnToolsVersion = 12.3;
						TestTargetID = 33444A8625CEA47700F8B959;
					};
					33444AA725CEA47C00F8B959 = {
						CreatedOnToolsVersion = 12.3;
						TestTargetID = 33444A8625CEA47700F8B959;
					};
				};
			};
			buildConfigurationList = 33444A8225CEA47600F8B959 /* Build configuration list for PBXProject "Stamp" */;
			compatibilityVersion = "Xcode 9.3";
			developmentRegion = en;
			hasScannedForEncodings = 0;
			knownRegions = (
				en,
				Base,
			);
			mainGroup = 33444A7E25CEA47600F8B959;
			productRefGroup = 33444A8825CEA47700F8B959 /* Products */;
			projectDirPath = "";
			projectRoot = "";
			targets = (
				33444A8625CEA47700F8B959 /* Stamp */,
				33444A9C25CEA47B00F8B959 /* StampTests */,
				33444AA725CEA47C00F8B959 /* StampUITests */,
			);
		};
/* End PBXProject section */

/* Begin PBXResourcesBuildPhase section */
		33444A8525CEA47700F8B959 /* Resources */ = {
			isa = PBXResourcesBuildPhase;
			buildActionMask = 2147483647;
			files = (
				33444A9725CEA47B00F8B959 /* LaunchScreen.storyboard in Resources */,
				33444AC525CEA55C00F8B959 /* hoshi.png in Resources */,
				33444AC625CEA55C00F8B959 /* background.png in Resources */,
				33444AC425CEA55C00F8B959 /* onpu.png in Resources */,
				33444A9425CEA47B00F8B959 /* Assets.xcassets in Resources */,
				33444A9225CEA47700F8B959 /* Main.storyboard in Resources */,
				33444AC725CEA55C00F8B959 /* shitumon.png in Resources */,
				33444AC325CEA55C00F8B959 /* hana.png in Resources */,
			);
			runOnlyForDeploymentPostprocessing = 0;
		};
		33444A9B25CEA47B00F8B959 /* Resources */ = {
			isa = PBXResourcesBuildPhase;
			buildActionMask = 2147483647;
			files = (
			);
			runOnlyForDeploymentPostprocessing = 0;
		};
		33444AA625CEA47C00F8B959 /* Resources */ = {
			isa = PBXResourcesBuildPhase;
			buildActionMask = 2147483647;
			files = (
			);
			runOnlyForDeploymentPostprocessing = 0;
		};
/* End PBXResourcesBuildPhase section */

/* Begin PBXSourcesBuildPhase section */
		33444A8325CEA47700F8B959 /* Sources */ = {
			isa = PBXSourcesBuildPhase;
			buildActionMask = 2147483647;
			files = (
				33444A8F25CEA47700F8B959 /* ViewController.swift in Sources */,
				33444A8B25CEA47700F8B959 /* AppDelegate.swift in Sources */,
				33444A8D25CEA47700F8B959 /* SceneDelegate.swift in Sources */,
			);
			runOnlyForDeploymentPostprocessing = 0;
		};
		33444A9925CEA47B00F8B959 /* Sources */ = {
			isa = PBXSourcesBuildPhase;
			buildActionMask = 2147483647;
			files = (
				33444AA225CEA47C00F8B959 /* StampTests.swift in Sources */,
			);
			runOnlyForDeploymentPostprocessing = 0;
		};
		33444AA425CEA47C00F8B959 /* Sources */ = {
			isa = PBXSourcesBuildPhase;
			buildActionMask = 2147483647;
			files = (
				33444AAD25CEA47C00F8B959 /* StampUITests.swift in Sources */,
			);
			runOnlyForDeploymentPostprocessing = 0;
		};
/* End PBXSourcesBuildPhase section */

/* Begin PBXTargetDependency section */
		33444A9F25CEA47B00F8B959 /* PBXTargetDependency */ = {
			isa = PBXTargetDependency;
			target = 33444A8625CEA47700F8B959 /* Stamp */;
			targetProxy = 33444A9E25CEA47B00F8B959 /* PBXContainerItemProxy */;
		};
		33444AAA25CEA47C00F8B959 /* PBXTargetDependency */ = {
			isa = PBXTargetDependency;
			target = 33444A8625CEA47700F8B959 /* Stamp */;
			targetProxy = 33444AA925CEA47C00F8B959 /* PBXContainerItemProxy */;
		};
/* End PBXTargetDependency section */

/* Begin PBXVariantGroup section */
		33444A9025CEA47700F8B959 /* Main.storyboard */ = {
			isa = PBXVariantGroup;
			children = (
				33444A9125CEA47700F8B959 /* Base */,
			);
			name = Main.storyboard;
			sourceTree = "<group>";
		};
		33444A9525CEA47B00F8B959 /* LaunchScreen.storyboard */ = {
			isa = PBXVariantGroup;
			children = (
				33444A9625CEA47B00F8B959 /* Base */,
			);
			name = LaunchScreen.storyboard;
			sourceTree = "<group>";
		};
/* End PBXVariantGroup section */

/* Begin XCBuildConfiguration section */
		33444AAF25CEA47C00F8B959 /* Debug */ = {
			isa = XCBuildConfiguration;
			buildSettings = {
				ALWAYS_SEARCH_USER_PATHS = NO;
				CLANG_ANALYZER_NONNULL = YES;
				CLANG_ANALYZER_NUMBER_OBJECT_CONVERSION = YES_AGGRESSIVE;
				CLANG_CXX_LANGUAGE_STANDARD = "gnu++14";
				CLANG_CXX_LIBRARY = "libc++";
				CLANG_ENABLE_MODULES = YES;
				CLANG_ENABLE_OBJC_ARC = YES;
				CLANG_ENABLE_OBJC_WEAK = YES;
				CLANG_WARN_BLOCK_CAPTURE_AUTORELEASING = YES;
				CLANG_WARN_BOOL_CONVERSION = YES;
				CLANG_WARN_COMMA = YES;
				CLANG_WARN_CONSTANT_CONVERSION = YES;
				CLANG_WARN_DEPRECATED_OBJC_IMPLEMENTATIONS = YES;
				CLANG_WARN_DIRECT_OBJC_ISA_USAGE = YES_ERROR;
				CLANG_WARN_DOCUMENTATION_COMMENTS = YES;
				CLANG_WARN_EMPTY_BODY = YES;
				CLANG_WARN_ENUM_CONVERSION = YES;
				CLANG_WARN_INFINITE_RECURSION = YES;
				CLANG_WARN_INT_CONVERSION = YES;
				CLANG_WARN_NON_LITERAL_NULL_CONVERSION = YES;
				CLANG_WARN_OBJC_IMPLICIT_RETAIN_SELF = YES;
				CLANG_WARN_OBJC_LITERAL_CONVERSION = YES;
				CLANG_WARN_OBJC_ROOT_CLASS = YES_ERROR;
				CLANG_WARN_QUOTED_INCLUDE_IN_FRAMEWORK_HEADER = YES;
				CLANG_WARN_RANGE_LOOP_ANALYSIS = YES;
				CLANG_WARN_STRICT_PROTOTYPES = YES;
				CLANG_WARN_SUSPICIOUS_MOVE = YES;
				CLANG_WARN_UNGUARDED_AVAILABILITY = YES_AGGRESSIVE;
				CLANG_WARN_UNREACHABLE_CODE = YES;
				CLANG_WARN__DUPLICATE_METHOD_MATCH = YES;
				COPY_PHASE_STRIP = NO;
				DEBUG_INFORMATION_FORMAT = dwarf;
				ENABLE_STRICT_OBJC_MSGSEND = YES;
				ENABLE_TESTABILITY = YES;
				GCC_C_LANGUAGE_STANDARD = gnu11;
				GCC_DYNAMIC_NO_PIC = NO;
				GCC_NO_COMMON_BLOCKS = YES;
				GCC_OPTIMIZATION_LEVEL = 0;
				GCC_PREPROCESSOR_DEFINITIONS = (
					"DEBUG=1",
					"$(inherited)",
				);
				GCC_WARN_64_TO_32_BIT_CONVERSION = YES;
				GCC_WARN_ABOUT_RETURN_TYPE = YES_ERROR;
				GCC_WARN_UNDECLARED_SELECTOR = YES;
				GCC_WARN_UNINITIALIZED_AUTOS = YES_AGGRESSIVE;
				GCC_WARN_UNUSED_FUNCTION = YES;
				GCC_WARN_UNUSED_VARIABLE = YES;
				IPHONEOS_DEPLOYMENT_TARGET = 14.3;
				MTL_ENABLE_DEBUG_INFO = INCLUDE_SOURCE;
				MTL_FAST_MATH = YES;
				ONLY_ACTIVE_ARCH = YES;
				SDKROOT = iphoneos;
				SWIFT_ACTIVE_COMPILATION_CONDITIONS = DEBUG;
				SWIFT_OPTIMIZATION_LEVEL = "-Onone";
			};
			name = Debug;
		};
		33444AB025CEA47C00F8B959 /* Release */ = {
			isa = XCBuildConfiguration;
			buildSettings = {
				ALWAYS_SEARCH_USER_PATHS = NO;
				CLANG_ANALYZER_NONNULL = YES;
				CLANG_ANALYZER_NUMBER_OBJECT_CONVERSION = YES_AGGRESSIVE;
				CLANG_CXX_LANGUAGE_STANDARD = "gnu++14";
				CLANG_CXX_LIBRARY = "libc++";
				CLANG_ENABLE_MODULES = YES;
				CLANG_ENABLE_OBJC_ARC = YES;
				CLANG_ENABLE_OBJC_WEAK = YES;
				CLANG_WARN_BLOCK_CAPTURE_AUTORELEASING = YES;
				CLANG_WARN_BOOL_CONVERSION = YES;
				CLANG_WARN_COMMA = YES;
				CLANG_WARN_CONSTANT_CONVERSION = YES;
				CLANG_WARN_DEPRECATED_OBJC_IMPLEMENTATIONS = YES;
				CLANG_WARN_DIRECT_OBJC_ISA_USAGE = YES_ERROR;
				CLANG_WARN_DOCUMENTATION_COMMENTS = YES;
				CLANG_WARN_EMPTY_BODY = YES;
				CLANG_WARN_ENUM_CONVERSION = YES;
				CLANG_WARN_INFINITE_RECURSION = YES;
				CLANG_WARN_INT_CONVERSION = YES;
				CLANG_WARN_NON_LITERAL_NULL_CONVERSION = YES;
				CLANG_WARN_OBJC_IMPLICIT_RETAIN_SELF = YES;
				CLANG_WARN_OBJC_LITERAL_CONVERSION = YES;
				CLANG_WARN_OBJC_ROOT_CLASS = YES_ERROR;
				CLANG_WARN_QUOTED_INCLUDE_IN_FRAMEWORK_HEADER = YES;
				CLANG_WARN_RANGE_LOOP_ANALYSIS = YES;
				CLANG_WARN_STRICT_PROTOTYPES = YES;
				CLANG_WARN_SUSPICIOUS_MOVE = YES;
				CLANG_WARN_UNGUARDED_AVAILABILITY = YES_AGGRESSIVE;
				CLANG_WARN_UNREACHABLE_CODE = YES;
				CLANG_WARN__DUPLICATE_METHOD_MATCH = YES;
				COPY_PHASE_STRIP = NO;
				DEBUG_INFORMATION_FORMAT = "dwarf-with-dsym";
				ENABLE_NS_ASSERTIONS = NO;
				ENABLE_STRICT_OBJC_MSGSEND = YES;
				GCC_C_LANGUAGE_STANDARD = gnu11;
				GCC_NO_COMMON_BLOCKS = YES;
				GCC_WARN_64_TO_32_BIT_CONVERSION = YES;
				GCC_WARN_ABOUT_RETURN_TYPE = YES_ERROR;
				GCC_WARN_UNDECLARED_SELECTOR = YES;
				GCC_WARN_UNINITIALIZED_AUTOS = YES_AGGRESSIVE;
				GCC_WARN_UNUSED_FUNCTION = YES;
				GCC_WARN_UNUSED_VARIABLE = YES;
				IPHONEOS_DEPLOYMENT_TARGET = 14.3;
				MTL_ENABLE_DEBUG_INFO = NO;
				MTL_FAST_MATH = YES;
				SDKROOT = iphoneos;
				SWIFT_COMPILATION_MODE = wholemodule;
				SWIFT_OPTIMIZATION_LEVEL = "-O";
				VALIDATE_PRODUCT = YES;
			};
			name = Release;
		};
		33444AB225CEA47C00F8B959 /* Debug */ = {
			isa = XCBuildConfiguration;
			buildSettings = {
				ASSETCATALOG_COMPILER_APPICON_NAME = AppIcon;
				ASSETCATALOG_COMPILER_GLOBAL_ACCENT_COLOR_NAME = AccentColor;
				CODE_SIGN_STYLE = Automatic;
				INFOPLIST_FILE = Stamp/Info.plist;
				LD_RUNPATH_SEARCH_PATHS = (
					"$(inherited)",
					"@executable_path/Frameworks",
				);
				PRODUCT_BUNDLE_IDENTIFIER = app.nishiwaki.sen.Stamp;
				PRODUCT_NAME = "$(TARGET_NAME)";
				SWIFT_VERSION = 5.0;
				TARGETED_DEVICE_FAMILY = "1,2";
			};
			name = Debug;
		};
		33444AB325CEA47C00F8B959 /* Release */ = {
			isa = XCBuildConfiguration;
			buildSettings = {
				ASSETCATALOG_COMPILER_APPICON_NAME = AppIcon;
				ASSETCATALOG_COMPILER_GLOBAL_ACCENT_COLOR_NAME = AccentColor;
				CODE_SIGN_STYLE = Automatic;
				INFOPLIST_FILE = Stamp/Info.plist;
				LD_RUNPATH_SEARCH_PATHS = (
					"$(inherited)",
					"@executable_path/Frameworks",
				);
				PRODUCT_BUNDLE_IDENTIFIER = app.nishiwaki.sen.Stamp;
				PRODUCT_NAME = "$(TARGET_NAME)";
				SWIFT_VERSION = 5.0;
				TARGETED_DEVICE_FAMILY = "1,2";
			};
			name = Release;
		};
		33444AB525CEA47C00F8B959 /* Debug */ = {
			isa = XCBuildConfiguration;
			buildSettings = {
				ALWAYS_EMBED_SWIFT_STANDARD_LIBRARIES = YES;
				BUNDLE_LOADER = "$(TEST_HOST)";
				CODE_SIGN_STYLE = Automatic;
				INFOPLIST_FILE = StampTests/Info.plist;
				IPHONEOS_DEPLOYMENT_TARGET = 14.3;
				LD_RUNPATH_SEARCH_PATHS = (
					"$(inherited)",
					"@executable_path/Frameworks",
					"@loader_path/Frameworks",
				);
				PRODUCT_BUNDLE_IDENTIFIER = app.nishiwaki.sen.StampTests;
				PRODUCT_NAME = "$(TARGET_NAME)";
				SWIFT_VERSION = 5.0;
				TARGETED_DEVICE_FAMILY = "1,2";
				TEST_HOST = "$(BUILT_PRODUCTS_DIR)/Stamp.app/Stamp";
			};
			name = Debug;
		};
		33444AB625CEA47C00F8B959 /* Release */ = {
			isa = XCBuildConfiguration;
			buildSettings = {
				ALWAYS_EMBED_SWIFT_STANDARD_LIBRARIES = YES;
				BUNDLE_LOADER = "$(TEST_HOST)";
				CODE_SIGN_STYLE = Automatic;
				INFOPLIST_FILE = StampTests/Info.plist;
				IPHONEOS_DEPLOYMENT_TARGET = 14.3;
				LD_RUNPATH_SEARCH_PATHS = (
					"$(inherited)",
					"@executable_path/Frameworks",
					"@loader_path/Frameworks",
				);
				PRODUCT_BUNDLE_IDENTIFIER = app.nishiwaki.sen.StampTests;
				PRODUCT_NAME = "$(TARGET_NAME)";
				SWIFT_VERSION = 5.0;
				TARGETED_DEVICE_FAMILY = "1,2";
				TEST_HOST = "$(BUILT_PRODUCTS_DIR)/Stamp.app/Stamp";
			};
			name = Release;
		};
		33444AB825CEA47C00F8B959 /* Debug */ = {
			isa = XCBuildConfiguration;
			buildSettings = {
				ALWAYS_EMBED_SWIFT_STANDARD_LIBRARIES = YES;
				CODE_SIGN_STYLE = Automatic;
				INFOPLIST_FILE = StampUITests/Info.plist;
				LD_RUNPATH_SEARCH_PATHS = (
					"$(inherited)",
					"@executable_path/Frameworks",
					"@loader_path/Frameworks",
				);
				PRODUCT_BUNDLE_IDENTIFIER = app.nishiwaki.sen.StampUITests;
				PRODUCT_NAME = "$(TARGET_NAME)";
				SWIFT_VERSION = 5.0;
				TARGETED_DEVICE_FAMILY = "1,2";
				TEST_TARGET_NAME = Stamp;
			};
			name = Debug;
		};
		33444AB925CEA47C00F8B959 /* Release */ = {
			isa = XCBuildConfiguration;
			buildSettings = {
				ALWAYS_EMBED_SWIFT_STANDARD_LIBRARIES = YES;
				CODE_SIGN_STYLE = Automatic;
				INFOPLIST_FILE = StampUITests/Info.plist;
				LD_RUNPATH_SEARCH_PATHS = (
					"$(inherited)",
					"@executable_path/Frameworks",
					"@loader_path/Frameworks",
				);
				PRODUCT_BUNDLE_IDENTIFIER = app.nishiwaki.sen.StampUITests;
				PRODUCT_NAME = "$(TARGET_NAME)";
				SWIFT_VERSION = 5.0;
				TARGETED_DEVICE_FAMILY = "1,2";
				TEST_TARGET_NAME = Stamp;
			};
			name = Release;
		};
/* End XCBuildConfiguration section */

/* Begin XCConfigurationList section */
		33444A8225CEA47600F8B959 /* Build configuration list for PBXProject "Stamp" */ = {
			isa = XCConfigurationList;
			buildConfigurations = (
				33444AAF25CEA47C00F8B959 /* Debug */,
				33444AB025CEA47C00F8B959 /* Release */,
			);
			defaultConfigurationIsVisible = 0;
			defaultConfigurationName = Release;
		};
		33444AB125CEA47C00F8B959 /* Build configuration list for PBXNativeTarget "Stamp" */ = {
			isa = XCConfigurationList;
			buildConfigurations = (
				33444AB225CEA47C00F8B959 /* Debug */,
				33444AB325CEA47C00F8B959 /* Release */,
			);
			defaultConfigurationIsVisible = 0;
			defaultConfigurationName = Release;
		};
		33444AB425CEA47C00F8B959 /* Build configuration list for PBXNativeTarget "StampTests" */ = {
			isa = XCConfigurationList;
			buildConfigurations = (
				33444AB525CEA47C00F8B959 /* Debug */,
				33444AB625CEA47C00F8B959 /* Release */,
			);
			defaultConfigurationIsVisible = 0;
			defaultConfigurationName = Release;
		};
		33444AB725CEA47C00F8B959 /* Build configuration list for PBXNativeTarget "StampUITests" */ = {
			isa = XCConfigurationList;
			buildConfigurations = (
				33444AB825CEA47C00F8B959 /* Debug */,
				33444AB925CEA47C00F8B959 /* Release */,
			);
			defaultConfigurationIsVisible = 0;
			defaultConfigurationName = Release;
		};
/* End XCConfigurationList section */
	};
	rootObject = 33444A7F25CEA47600F8B959 /* Project object */;
}
